
Microsoft Visual Studio Solution File, Format Version 12.00
# Visual Studio Version 17
VisualStudioVersion = 17.0.31903.59
MinimumVisualStudioVersion = 10.0.40219.1
Project("{2150E333-8FDC-42A3-9474-1A3956D46DE8}") = "src", "src", "{827E0CD3-B72D-47B6-A68D-7590B98EB39B}"
	ProjectSection(SolutionItems) = preProject
		src\Icon-Roadmap.md = src\Icon-Roadmap.md
		src\LIBRARY-CATALOG.md = src\LIBRARY-CATALOG.md
		src\Task-Difficulty.md = src\Task-Difficulty.md
	EndProjectSection
EndProject
Project("{FAE04EC0-301F-11D3-BF4B-00C04F79EFBC}") = "BlazorAtoms.ActivityIndicators", "src\BlazorAtoms.ActivityIndicators\BlazorAtoms.ActivityIndicators.csproj", "{10DC5B1B-1F17-4EF0-9844-985913C7DFB5}"
EndProject
Project("{2150E333-8FDC-42A3-9474-1A3956D46DE8}") = "tests", "tests", "{0AB3BF05-4346-4AA6-1389-037BE0695223}"
EndProject
Project("{FAE04EC0-301F-11D3-BF4B-00C04F79EFBC}") = "BlazorAtoms.ActivityIndicators.Tests", "tests\BlazorAtoms.ActivityIndicators.Tests\BlazorAtoms.ActivityIndicators.Tests.csproj", "{D9A0BE85-F120-4E9B-94D5-18A7C60CB690}"
EndProject
Project("{2150E333-8FDC-42A3-9474-1A3956D46DE8}") = "Demos", "Demos", "{02EA681E-C7D8-13C7-8484-4AC65E1B71E8}"
EndProject
Project("{2150E333-8FDC-42A3-9474-1A3956D46DE8}") = "BlazorWebAppAutoDemo", "BlazorWebAppAutoDemo", "{92957C74-72F3-4A90-BD5F-490EA661A849}"
EndProject
Project("{2150E333-8FDC-42A3-9474-1A3956D46DE8}") = "BlazorWebAppWasmDemo", "BlazorWebAppWasmDemo", "{0B7A057E-E328-4FE7-89EA-1F1A9F1D1289}"
EndProject
Project("{2150E333-8FDC-42A3-9474-1A3956D46DE8}") = "BlazorWebAppSvrDemo", "BlazorWebAppSvrDemo", "{2C110764-6BAF-49E9-9382-EA13CE887501}"
EndProject
Project("{FAE04EC0-301F-11D3-BF4B-00C04F79EFBC}") = "BlazorWebAppAutoDemo", "BlazorWebAppAutoDemo\BlazorWebAppAutoDemo\BlazorWebAppAutoDemo.csproj", "{157910A2-54C1-45B1-81E4-9C611451AD1F}"
EndProject
Project("{FAE04EC0-301F-11D3-BF4B-00C04F79EFBC}") = "BlazorWebAppAutoDemo.Client", "BlazorWebAppAutoDemo\BlazorWebAppAutoDemo.Client\BlazorWebAppAutoDemo.Client.csproj", "{88D6DF59-9BBA-4C59-8D4D-5DC08E07BC19}"
EndProject
Project("{FAE04EC0-301F-11D3-BF4B-00C04F79EFBC}") = "BlazorWebAppSvrDemo", "BlazorWebAppSvrDemo\BlazorWebAppSvrDemo.csproj", "{8912842E-A128-4455-8F27-D931D4B30D54}"
EndProject
Project("{FAE04EC0-301F-11D3-BF4B-00C04F79EFBC}") = "BlazorWebAppWasmDemo", "BlazorWebAppWasmDemo\BlazorWebAppWasmDemo\BlazorWebAppWasmDemo.csproj", "{43CB20A4-5FDF-44A5-988D-95A55F01082B}"
EndProject
Project("{FAE04EC0-301F-11D3-BF4B-00C04F79EFBC}") = "BlazorWebAppWasmDemo.Client", "BlazorWebAppWasmDemo\BlazorWebAppWasmDemo.Client\BlazorWebAppWasmDemo.Client.csproj", "{9E2C678D-A2A3-49C1-9715-B7421163D3DA}"
EndProject
Project("{2150E333-8FDC-42A3-9474-1A3956D46DE8}") = "assets", "assets", "{E899D024-8C6E-4FC5-99F3-0AC925CA6BEA}"
	ProjectSection(SolutionItems) = preProject
		assets\blazoratoms-icon-flameA.svg = assets\blazoratoms-icon-flameA.svg
		assets\blazoratoms-icon-flameB.svg = assets\blazoratoms-icon-flameB.svg
		assets\blazoratoms-icon.svg = assets\blazoratoms-icon.svg
		assets\blazoratoms-logo-flameA.svg = assets\blazoratoms-logo-flameA.svg
		assets\blazoratoms-logo.svg = assets\blazoratoms-logo.svg
		assets\logo-playground.html = assets\logo-playground.html
	EndProjectSection
EndProject
Project("{FAE04EC0-301F-11D3-BF4B-00C04F79EFBC}") = "BlazorAtoms.Barcodes", "src\BlazorAtoms.Barcodes\BlazorAtoms.Barcodes.csproj", "{EBA8165F-1C2B-4173-ADEA-1826E947E41F}"
EndProject
Project("{FAE04EC0-301F-11D3-BF4B-00C04F79EFBC}") = "BlazorAtoms.Barcodes.Tests", "tests\BlazorAtoms.Barcodes.Tests\BlazorAtoms.Barcodes.Tests.csproj", "{3F634FD7-6B04-4CDD-9B86-4CFC2F3BFB36}"
EndProject
Project("{FAE04EC0-301F-11D3-BF4B-00C04F79EFBC}") = "BlazorAtoms.Tooltips", "src\BlazorAtoms.Tooltips\BlazorAtoms.Tooltips.csproj", "{7EDCB0FE-12D9-48F5-AEDF-33B6B56E0362}"
EndProject
Project("{FAE04EC0-301F-11D3-BF4B-00C04F79EFBC}") = "BlazorAtoms.Tooltips.Tests", "tests\BlazorAtoms.Tooltips.Tests\BlazorAtoms.Tooltips.Tests.csproj", "{F07BEE18-694D-43ED-8E1A-9BE26B48802E}"
EndProject
Project("{FAE04EC0-301F-11D3-BF4B-00C04F79EFBC}") = "BlazorAtoms.Badges", "src\BlazorAtoms.Badges\BlazorAtoms.Badges.csproj", "{C1D2E3F4-A5B6-47C8-9D0E-1F2A3B4C5D6F}"
EndProject
Project("{FAE04EC0-301F-11D3-BF4B-00C04F79EFBC}") = "BlazorAtoms.Badges.Tests", "tests\BlazorAtoms.Badges.Tests\BlazorAtoms.Badges.Tests.csproj", "{D2E3F4A5-B6C7-48D9-AE1F-2A3B4C5D6E70}"
EndProject
Project("{FAE04EC0-301F-11D3-BF4B-00C04F79EFBC}") = "BlazorAtoms.Avatars", "src\BlazorAtoms.Avatars\BlazorAtoms.Avatars.csproj", "{897EDAB0-1A89-43D1-83BE-85977C788272}"
EndProject
Project("{FAE04EC0-301F-11D3-BF4B-00C04F79EFBC}") = "BlazorAtoms.Avatars.Tests", "tests\BlazorAtoms.Avatars.Tests\BlazorAtoms.Avatars.Tests.csproj", "{349E2450-E6FE-45B0-98C1-CE66E16ECFB1}"
EndProject
Project("{FAE04EC0-301F-11D3-BF4B-00C04F79EFBC}") = "BlazorAtoms.Clocks", "src\BlazorAtoms.Clocks\BlazorAtoms.Clocks.csproj", "{B8EC1C00-4F19-46E8-9A6E-128B805B9E1B}"
EndProject
Project("{FAE04EC0-301F-11D3-BF4B-00C04F79EFBC}") = "BlazorAtoms.Clocks.Tests", "tests\BlazorAtoms.Clocks.Tests\BlazorAtoms.Clocks.Tests.csproj", "{2267C45E-D6E9-4324-9229-B6F80A08C82B}"
EndProject
Project("{FAE04EC0-301F-11D3-BF4B-00C04F79EFBC}") = "BlazorAtoms.Branding", "branding\BlazorAtoms.Branding\BlazorAtoms.Branding.csproj", "{7C3B9E4A-2D18-4F6B-A9E1-5B8C2F0D4A7E}"
EndProject
Project("{FAE04EC0-301F-11D3-BF4B-00C04F79EFBC}") = "Demos.Shared", "samples\Demos.Shared\Demos.Shared.csproj", "{5E8D3C1F-9A47-4B62-8E1D-2F6A0B4C7D95}"
EndProject
Project("{2150E333-8FDC-42A3-9474-1A3956D46DE8}") = "icons", "icons", "{E59DE943-0AEE-4CCC-BC30-B5EB47559DB6}"
EndProject
Project("{2150E333-8FDC-42A3-9474-1A3956D46DE8}") = "branding", "branding", "{B8A1F3D2-4C5E-4A6B-9D7E-1F2A3B4C5D6E}"
EndProject
Global
	GlobalSection(SolutionConfigurationPlatforms) = preSolution
		Debug|Any CPU = Debug|Any CPU
		Debug|x64 = Debug|x64
		Debug|x86 = Debug|x86
		Release|Any CPU = Release|Any CPU
		Release|x64 = Release|x64
		Release|x86 = Release|x86
	EndGlobalSection
	GlobalSection(ProjectConfigurationPlatforms) = postSolution
		{10DC5B1B-1F17-4EF0-9844-985913C7DFB5}.Debug|Any CPU.ActiveCfg = Debug|Any CPU
		{10DC5B1B-1F17-4EF0-9844-985913C7DFB5}.Debug|Any CPU.Build.0 = Debug|Any CPU
		{10DC5B1B-1F17-4EF0-9844-985913C7DFB5}.Debug|x64.ActiveCfg = Debug|Any CPU
		{10DC5B1B-1F17-4EF0-9844-985913C7DFB5}.Debug|x64.Build.0 = Debug|Any CPU
		{10DC5B1B-1F17-4EF0-9844-985913C7DFB5}.Debug|x86.ActiveCfg = Debug|Any CPU
		{10DC5B1B-1F17-4EF0-9844-985913C7DFB5}.Debug|x86.Build.0 = Debug|Any CPU
		{10DC5B1B-1F17-4EF0-9844-985913C7DFB5}.Release|Any CPU.ActiveCfg = Release|Any CPU
		{10DC5B1B-1F17-4EF0-9844-985913C7DFB5}.Release|Any CPU.Build.0 = Release|Any CPU
		{10DC5B1B-1F17-4EF0-9844-985913C7DFB5}.Release|x64.ActiveCfg = Release|Any CPU
		{10DC5B1B-1F17-4EF0-9844-985913C7DFB5}.Release|x64.Build.0 = Release|Any CPU
		{10DC5B1B-1F17-4EF0-9844-985913C7DFB5}.Release|x86.ActiveCfg = Release|Any CPU
		{10DC5B1B-1F17-4EF0-9844-985913C7DFB5}.Release|x86.Build.0 = Release|Any CPU
		{D9A0BE85-F120-4E9B-94D5-18A7C60CB690}.Debug|Any CPU.ActiveCfg = Debug|Any CPU
		{D9A0BE85-F120-4E9B-94D5-18A7C60CB690}.Debug|Any CPU.Build.0 = Debug|Any CPU
		{D9A0BE85-F120-4E9B-94D5-18A7C60CB690}.Debug|x64.ActiveCfg = Debug|Any CPU
		{D9A0BE85-F120-4E9B-94D5-18A7C60CB690}.Debug|x64.Build.0 = Debug|Any CPU
		{D9A0BE85-F120-4E9B-94D5-18A7C60CB690}.Debug|x86.ActiveCfg = Debug|Any CPU
		{D9A0BE85-F120-4E9B-94D5-18A7C60CB690}.Debug|x86.Build.0 = Debug|Any CPU
		{D9A0BE85-F120-4E9B-94D5-18A7C60CB690}.Release|Any CPU.ActiveCfg = Release|Any CPU
		{D9A0BE85-F120-4E9B-94D5-18A7C60CB690}.Release|Any CPU.Build.0 = Release|Any CPU
		{D9A0BE85-F120-4E9B-94D5-18A7C60CB690}.Release|x64.ActiveCfg = Release|Any CPU
		{D9A0BE85-F120-4E9B-94D5-18A7C60CB690}.Release|x64.Build.0 = Release|Any CPU
		{D9A0BE85-F120-4E9B-94D5-18A7C60CB690}.Release|x86.ActiveCfg = Release|Any CPU
		{D9A0BE85-F120-4E9B-94D5-18A7C60CB690}.Release|x86.Build.0 = Release|Any CPU
		{157910A2-54C1-45B1-81E4-9C611451AD1F}.Debug|Any CPU.ActiveCfg = Debug|Any CPU
		{157910A2-54C1-45B1-81E4-9C611451AD1F}.Debug|Any CPU.Build.0 = Debug|Any CPU
		{157910A2-54C1-45B1-81E4-9C611451AD1F}.Debug|x64.ActiveCfg = Debug|Any CPU
		{157910A2-54C1-45B1-81E4-9C611451AD1F}.Debug|x64.Build.0 = Debug|Any CPU
		{157910A2-54C1-45B1-81E4-9C611451AD1F}.Debug|x86.ActiveCfg = Debug|Any CPU
		{157910A2-54C1-45B1-81E4-9C611451AD1F}.Debug|x86.Build.0 = Debug|Any CPU
		{157910A2-54C1-45B1-81E4-9C611451AD1F}.Release|Any CPU.ActiveCfg = Release|Any CPU
		{157910A2-54C1-45B1-81E4-9C611451AD1F}.Release|Any CPU.Build.0 = Release|Any CPU
		{157910A2-54C1-45B1-81E4-9C611451AD1F}.Release|x64.ActiveCfg = Release|Any CPU
		{157910A2-54C1-45B1-81E4-9C611451AD1F}.Release|x64.Build.0 = Release|Any CPU
		{157910A2-54C1-45B1-81E4-9C611451AD1F}.Release|x86.ActiveCfg = Release|Any CPU
		{157910A2-54C1-45B1-81E4-9C611451AD1F}.Release|x86.Build.0 = Release|Any CPU
		{88D6DF59-9BBA-4C59-8D4D-5DC08E07BC19}.Debug|Any CPU.ActiveCfg = Debug|Any CPU
		{88D6DF59-9BBA-4C59-8D4D-5DC08E07BC19}.Debug|Any CPU.Build.0 = Debug|Any CPU
		{88D6DF59-9BBA-4C59-8D4D-5DC08E07BC19}.Debug|x64.ActiveCfg = Debug|Any CPU
		{88D6DF59-9BBA-4C59-8D4D-5DC08E07BC19}.Debug|x64.Build.0 = Debug|Any CPU
		{88D6DF59-9BBA-4C59-8D4D-5DC08E07BC19}.Debug|x86.ActiveCfg = Debug|Any CPU
		{88D6DF59-9BBA-4C59-8D4D-5DC08E07BC19}.Debug|x86.Build.0 = Debug|Any CPU
		{88D6DF59-9BBA-4C59-8D4D-5DC08E07BC19}.Release|Any CPU.ActiveCfg = Release|Any CPU
		{88D6DF59-9BBA-4C59-8D4D-5DC08E07BC19}.Release|Any CPU.Build.0 = Release|Any CPU
		{88D6DF59-9BBA-4C59-8D4D-5DC08E07BC19}.Release|x64.ActiveCfg = Release|Any CPU
		{88D6DF59-9BBA-4C59-8D4D-5DC08E07BC19}.Release|x64.Build.0 = Release|Any CPU
		{88D6DF59-9BBA-4C59-8D4D-5DC08E07BC19}.Release|x86.ActiveCfg = Release|Any CPU
		{88D6DF59-9BBA-4C59-8D4D-5DC08E07BC19}.Release|x86.Build.0 = Release|Any CPU
		{8912842E-A128-4455-8F27-D931D4B30D54}.Debug|Any CPU.ActiveCfg = Debug|Any CPU
		{8912842E-A128-4455-8F27-D931D4B30D54}.Debug|Any CPU.Build.0 = Debug|Any CPU
		{8912842E-A128-4455-8F27-D931D4B30D54}.Debug|x64.ActiveCfg = Debug|Any CPU
		{8912842E-A128-4455-8F27-D931D4B30D54}.Debug|x64.Build.0 = Debug|Any CPU
		{8912842E-A128-4455-8F27-D931D4B30D54}.Debug|x86.ActiveCfg = Debug|Any CPU
		{8912842E-A128-4455-8F27-D931D4B30D54}.Debug|x86.Build.0 = Debug|Any CPU
		{8912842E-A128-4455-8F27-D931D4B30D54}.Release|Any CPU.ActiveCfg = Release|Any CPU
		{8912842E-A128-4455-8F27-D931D4B30D54}.Release|Any CPU.Build.0 = Release|Any CPU
		{8912842E-A128-4455-8F27-D931D4B30D54}.Release|x64.ActiveCfg = Release|Any CPU
		{8912842E-A128-4455-8F27-D931D4B30D54}.Release|x64.Build.0 = Release|Any CPU
		{8912842E-A128-4455-8F27-D931D4B30D54}.Release|x86.ActiveCfg = Release|Any CPU
		{8912842E-A128-4455-8F27-D931D4B30D54}.Release|x86.Build.0 = Release|Any CPU
		{43CB20A4-5FDF-44A5-988D-95A55F01082B}.Debug|Any CPU.ActiveCfg = Debug|Any CPU
		{43CB20A4-5FDF-44A5-988D-95A55F01082B}.Debug|Any CPU.Build.0 = Debug|Any CPU
		{43CB20A4-5FDF-44A5-988D-95A55F01082B}.Debug|x64.ActiveCfg = Debug|Any CPU
		{43CB20A4-5FDF-44A5-988D-95A55F01082B}.Debug|x64.Build.0 = Debug|Any CPU
		{43CB20A4-5FDF-44A5-988D-95A55F01082B}.Debug|x86.ActiveCfg = Debug|Any CPU
		{43CB20A4-5FDF-44A5-988D-95A55F01082B}.Debug|x86.Build.0 = Debug|Any CPU
		{43CB20A4-5FDF-44A5-988D-95A55F01082B}.Release|Any CPU.ActiveCfg = Release|Any CPU
		{43CB20A4-5FDF-44A5-988D-95A55F01082B}.Release|Any CPU.Build.0 = Release|Any CPU
		{43CB20A4-5FDF-44A5-988D-95A55F01082B}.Release|x64.ActiveCfg = Release|Any CPU
		{43CB20A4-5FDF-44A5-988D-95A55F01082B}.Release|x64.Build.0 = Release|Any CPU
		{43CB20A4-5FDF-44A5-988D-95A55F01082B}.Release|x86.ActiveCfg = Release|Any CPU
		{43CB20A4-5FDF-44A5-988D-95A55F01082B}.Release|x86.Build.0 = Release|Any CPU
		{9E2C678D-A2A3-49C1-9715-B7421163D3DA}.Debug|Any CPU.ActiveCfg = Debug|Any CPU
		{9E2C678D-A2A3-49C1-9715-B7421163D3DA}.Debug|Any CPU.Build.0 = Debug|Any CPU
		{9E2C678D-A2A3-49C1-9715-B7421163D3DA}.Debug|x64.ActiveCfg = Debug|Any CPU
		{9E2C678D-A2A3-49C1-9715-B7421163D3DA}.Debug|x64.Build.0 = Debug|Any CPU
		{9E2C678D-A2A3-49C1-9715-B7421163D3DA}.Debug|x86.ActiveCfg = Debug|Any CPU
		{9E2C678D-A2A3-49C1-9715-B7421163D3DA}.Debug|x86.Build.0 = Debug|Any CPU
		{9E2C678D-A2A3-49C1-9715-B7421163D3DA}.Release|Any CPU.ActiveCfg = Release|Any CPU
		{9E2C678D-A2A3-49C1-9715-B7421163D3DA}.Release|Any CPU.Build.0 = Release|Any CPU
		{9E2C678D-A2A3-49C1-9715-B7421163D3DA}.Release|x64.ActiveCfg = Release|Any CPU
		{9E2C678D-A2A3-49C1-9715-B7421163D3DA}.Release|x64.Build.0 = Release|Any CPU
		{9E2C678D-A2A3-49C1-9715-B7421163D3DA}.Release|x86.ActiveCfg = Release|Any CPU
		{9E2C678D-A2A3-49C1-9715-B7421163D3DA}.Release|x86.Build.0 = Release|Any CPU
		{EBA8165F-1C2B-4173-ADEA-1826E947E41F}.Debug|Any CPU.ActiveCfg = Debug|Any CPU
		{EBA8165F-1C2B-4173-ADEA-1826E947E41F}.Debug|Any CPU.Build.0 = Debug|Any CPU
		{EBA8165F-1C2B-4173-ADEA-1826E947E41F}.Debug|x64.ActiveCfg = Debug|Any CPU
		{EBA8165F-1C2B-4173-ADEA-1826E947E41F}.Debug|x64.Build.0 = Debug|Any CPU
		{EBA8165F-1C2B-4173-ADEA-1826E947E41F}.Debug|x86.ActiveCfg = Debug|Any CPU
		{EBA8165F-1C2B-4173-ADEA-1826E947E41F}.Debug|x86.Build.0 = Debug|Any CPU
		{EBA8165F-1C2B-4173-ADEA-1826E947E41F}.Release|Any CPU.ActiveCfg = Release|Any CPU
		{EBA8165F-1C2B-4173-ADEA-1826E947E41F}.Release|Any CPU.Build.0 = Release|Any CPU
		{EBA8165F-1C2B-4173-ADEA-1826E947E41F}.Release|x64.ActiveCfg = Release|Any CPU
		{EBA8165F-1C2B-4173-ADEA-1826E947E41F}.Release|x64.Build.0 = Release|Any CPU
		{EBA8165F-1C2B-4173-ADEA-1826E947E41F}.Release|x86.ActiveCfg = Release|Any CPU
		{EBA8165F-1C2B-4173-ADEA-1826E947E41F}.Release|x86.Build.0 = Release|Any CPU
		{3F634FD7-6B04-4CDD-9B86-4CFC2F3BFB36}.Debug|Any CPU.ActiveCfg = Debug|Any CPU
		{3F634FD7-6B04-4CDD-9B86-4CFC2F3BFB36}.Debug|Any CPU.Build.0 = Debug|Any CPU
		{3F634FD7-6B04-4CDD-9B86-4CFC2F3BFB36}.Debug|x64.ActiveCfg = Debug|Any CPU
		{3F634FD7-6B04-4CDD-9B86-4CFC2F3BFB36}.Debug|x64.Build.0 = Debug|Any CPU
		{3F634FD7-6B04-4CDD-9B86-4CFC2F3BFB36}.Debug|x86.ActiveCfg = Debug|Any CPU
		{3F634FD7-6B04-4CDD-9B86-4CFC2F3BFB36}.Debug|x86.Build.0 = Debug|Any CPU
		{3F634FD7-6B04-4CDD-9B86-4CFC2F3BFB36}.Release|Any CPU.ActiveCfg = Release|Any CPU
		{3F634FD7-6B04-4CDD-9B86-4CFC2F3BFB36}.Release|Any CPU.Build.0 = Release|Any CPU
		{3F634FD7-6B04-4CDD-9B86-4CFC2F3BFB36}.Release|x64.ActiveCfg = Release|Any CPU
		{3F634FD7-6B04-4CDD-9B86-4CFC2F3BFB36}.Release|x64.Build.0 = Release|Any CPU
		{3F634FD7-6B04-4CDD-9B86-4CFC2F3BFB36}.Release|x86.ActiveCfg = Release|Any CPU
		{3F634FD7-6B04-4CDD-9B86-4CFC2F3BFB36}.Release|x86.Build.0 = Release|Any CPU
		{7EDCB0FE-12D9-48F5-AEDF-33B6B56E0362}.Debug|Any CPU.ActiveCfg = Debug|Any CPU
		{7EDCB0FE-12D9-48F5-AEDF-33B6B56E0362}.Debug|Any CPU.Build.0 = Debug|Any CPU
		{7EDCB0FE-12D9-48F5-AEDF-33B6B56E0362}.Debug|x64.ActiveCfg = Debug|Any CPU
		{7EDCB0FE-12D9-48F5-AEDF-33B6B56E0362}.Debug|x64.Build.0 = Debug|Any CPU
		{7EDCB0FE-12D9-48F5-AEDF-33B6B56E0362}.Debug|x86.ActiveCfg = Debug|Any CPU
		{7EDCB0FE-12D9-48F5-AEDF-33B6B56E0362}.Debug|x86.Build.0 = Debug|Any CPU
		{7EDCB0FE-12D9-48F5-AEDF-33B6B56E0362}.Release|Any CPU.ActiveCfg = Release|Any CPU
		{7EDCB0FE-12D9-48F5-AEDF-33B6B56E0362}.Release|Any CPU.Build.0 = Release|Any CPU
		{7EDCB0FE-12D9-48F5-AEDF-33B6B56E0362}.Release|x64.ActiveCfg = Release|Any CPU
		{7EDCB0FE-12D9-48F5-AEDF-33B6B56E0362}.Release|x64.Build.0 = Release|Any CPU
		{7EDCB0FE-12D9-48F5-AEDF-33B6B56E0362}.Release|x86.ActiveCfg = Release|Any CPU
		{7EDCB0FE-12D9-48F5-AEDF-33B6B56E0362}.Release|x86.Build.0 = Release|Any CPU
		{F07BEE18-694D-43ED-8E1A-9BE26B48802E}.Debug|Any CPU.ActiveCfg = Debug|Any CPU
		{F07BEE18-694D-43ED-8E1A-9BE26B48802E}.Debug|Any CPU.Build.0 = Debug|Any CPU
		{F07BEE18-694D-43ED-8E1A-9BE26B48802E}.Debug|x64.ActiveCfg = Debug|Any CPU
		{F07BEE18-694D-43ED-8E1A-9BE26B48802E}.Debug|x64.Build.0 = Debug|Any CPU
		{F07BEE18-694D-43ED-8E1A-9BE26B48802E}.Debug|x86.ActiveCfg = Debug|Any CPU
		{F07BEE18-694D-43ED-8E1A-9BE26B48802E}.Debug|x86.Build.0 = Debug|Any CPU
		{F07BEE18-694D-43ED-8E1A-9BE26B48802E}.Release|Any CPU.ActiveCfg = Release|Any CPU
		{F07BEE18-694D-43ED-8E1A-9BE26B48802E}.Release|Any CPU.Build.0 = Release|Any CPU
		{F07BEE18-694D-43ED-8E1A-9BE26B48802E}.Release|x64.ActiveCfg = Release|Any CPU
		{F07BEE18-694D-43ED-8E1A-9BE26B48802E}.Release|x64.Build.0 = Release|Any CPU
		{F07BEE18-694D-43ED-8E1A-9BE26B48802E}.Release|x86.ActiveCfg = Release|Any CPU
		{F07BEE18-694D-43ED-8E1A-9BE26B48802E}.Release|x86.Build.0 = Release|Any CPU
		{897EDAB0-1A89-43D1-83BE-85977C788272}.Debug|Any CPU.ActiveCfg = Debug|Any CPU
		{897EDAB0-1A89-43D1-83BE-85977C788272}.Debug|Any CPU.Build.0 = Debug|Any CPU
		{897EDAB0-1A89-43D1-83BE-85977C788272}.Debug|x64.ActiveCfg = Debug|Any CPU
		{897EDAB0-1A89-43D1-83BE-85977C788272}.Debug|x64.Build.0 = Debug|Any CPU
		{897EDAB0-1A89-43D1-83BE-85977C788272}.Debug|x86.ActiveCfg = Debug|Any CPU
		{897EDAB0-1A89-43D1-83BE-85977C788272}.Debug|x86.Build.0 = Debug|Any CPU
		{897EDAB0-1A89-43D1-83BE-85977C788272}.Release|Any CPU.ActiveCfg = Release|Any CPU
		{897EDAB0-1A89-43D1-83BE-85977C788272}.Release|Any CPU.Build.0 = Release|Any CPU
		{897EDAB0-1A89-43D1-83BE-85977C788272}.Release|x64.ActiveCfg = Release|Any CPU
		{897EDAB0-1A89-43D1-83BE-85977C788272}.Release|x64.Build.0 = Release|Any CPU
		{897EDAB0-1A89-43D1-83BE-85977C788272}.Release|x86.ActiveCfg = Release|Any CPU
		{897EDAB0-1A89-43D1-83BE-85977C788272}.Release|x86.Build.0 = Release|Any CPU
		{349E2450-E6FE-45B0-98C1-CE66E16ECFB1}.Debug|Any CPU.ActiveCfg = Debug|Any CPU
		{349E2450-E6FE-45B0-98C1-CE66E16ECFB1}.Debug|Any CPU.Build.0 = Debug|Any CPU
		{349E2450-E6FE-45B0-98C1-CE66E16ECFB1}.Debug|x64.ActiveCfg = Debug|Any CPU
		{349E2450-E6FE-45B0-98C1-CE66E16ECFB1}.Debug|x64.Build.0 = Debug|Any CPU
		{349E2450-E6FE-45B0-98C1-CE66E16ECFB1}.Debug|x86.ActiveCfg = Debug|Any CPU
		{349E2450-E6FE-45B0-98C1-CE66E16ECFB1}.Debug|x86.Build.0 = Debug|Any CPU
		{349E2450-E6FE-45B0-98C1-CE66E16ECFB1}.Release|Any CPU.ActiveCfg = Release|Any CPU
		{349E2450-E6FE-45B0-98C1-CE66E16ECFB1}.Release|Any CPU.Build.0 = Release|Any CPU
		{349E2450-E6FE-45B0-98C1-CE66E16ECFB1}.Release|x64.ActiveCfg = Release|Any CPU
		{349E2450-E6FE-45B0-98C1-CE66E16ECFB1}.Release|x64.Build.0 = Release|Any CPU
		{349E2450-E6FE-45B0-98C1-CE66E16ECFB1}.Release|x86.ActiveCfg = Release|Any CPU
		{349E2450-E6FE-45B0-98C1-CE66E16ECFB1}.Release|x86.Build.0 = Release|Any CPU
		{7C3B9E4A-2D18-4F6B-A9E1-5B8C2F0D4A7E}.Debug|Any CPU.ActiveCfg = Debug|Any CPU
		{7C3B9E4A-2D18-4F6B-A9E1-5B8C2F0D4A7E}.Debug|Any CPU.Build.0 = Debug|Any CPU
		{7C3B9E4A-2D18-4F6B-A9E1-5B8C2F0D4A7E}.Debug|x64.ActiveCfg = Debug|Any CPU
		{7C3B9E4A-2D18-4F6B-A9E1-5B8C2F0D4A7E}.Debug|x64.Build.0 = Debug|Any CPU
		{7C3B9E4A-2D18-4F6B-A9E1-5B8C2F0D4A7E}.Debug|x86.ActiveCfg = Debug|Any CPU
		{7C3B9E4A-2D18-4F6B-A9E1-5B8C2F0D4A7E}.Debug|x86.Build.0 = Debug|Any CPU
		{7C3B9E4A-2D18-4F6B-A9E1-5B8C2F0D4A7E}.Release|Any CPU.ActiveCfg = Release|Any CPU
		{7C3B9E4A-2D18-4F6B-A9E1-5B8C2F0D4A7E}.Release|Any CPU.Build.0 = Release|Any CPU
		{7C3B9E4A-2D18-4F6B-A9E1-5B8C2F0D4A7E}.Release|x64.ActiveCfg = Release|Any CPU
		{7C3B9E4A-2D18-4F6B-A9E1-5B8C2F0D4A7E}.Release|x64.Build.0 = Release|Any CPU
		{7C3B9E4A-2D18-4F6B-A9E1-5B8C2F0D4A7E}.Release|x86.ActiveCfg = Release|Any CPU
		{7C3B9E4A-2D18-4F6B-A9E1-5B8C2F0D4A7E}.Release|x86.Build.0 = Release|Any CPU
		{5E8D3C1F-9A47-4B62-8E1D-2F6A0B4C7D95}.Debug|Any CPU.ActiveCfg = Debug|Any CPU
		{5E8D3C1F-9A47-4B62-8E1D-2F6A0B4C7D95}.Debug|Any CPU.Build.0 = Debug|Any CPU
		{5E8D3C1F-9A47-4B62-8E1D-2F6A0B4C7D95}.Debug|x64.ActiveCfg = Debug|Any CPU
		{5E8D3C1F-9A47-4B62-8E1D-2F6A0B4C7D95}.Debug|x64.Build.0 = Debug|Any CPU
		{5E8D3C1F-9A47-4B62-8E1D-2F6A0B4C7D95}.Debug|x86.ActiveCfg = Debug|Any CPU
		{5E8D3C1F-9A47-4B62-8E1D-2F6A0B4C7D95}.Debug|x86.Build.0 = Debug|Any CPU
		{5E8D3C1F-9A47-4B62-8E1D-2F6A0B4C7D95}.Release|Any CPU.ActiveCfg = Release|Any CPU
		{5E8D3C1F-9A47-4B62-8E1D-2F6A0B4C7D95}.Release|Any CPU.Build.0 = Release|Any CPU
		{5E8D3C1F-9A47-4B62-8E1D-2F6A0B4C7D95}.Release|x64.ActiveCfg = Release|Any CPU
		{5E8D3C1F-9A47-4B62-8E1D-2F6A0B4C7D95}.Release|x64.Build.0 = Release|Any CPU
		{5E8D3C1F-9A47-4B62-8E1D-2F6A0B4C7D95}.Release|x86.ActiveCfg = Release|Any CPU
		{5E8D3C1F-9A47-4B62-8E1D-2F6A0B4C7D95}.Release|x86.Build.0 = Release|Any CPU
			{C1D2E3F4-A5B6-47C8-9D0E-1F2A3B4C5D6F}.Debug|Any CPU.ActiveCfg = Debug|Any CPU
			{C1D2E3F4-A5B6-47C8-9D0E-1F2A3B4C5D6F}.Debug|Any CPU.Build.0 = Debug|Any CPU
			{C1D2E3F4-A5B6-47C8-9D0E-1F2A3B4C5D6F}.Debug|x64.ActiveCfg = Debug|Any CPU
			{C1D2E3F4-A5B6-47C8-9D0E-1F2A3B4C5D6F}.Debug|x64.Build.0 = Debug|Any CPU
			{C1D2E3F4-A5B6-47C8-9D0E-1F2A3B4C5D6F}.Debug|x86.ActiveCfg = Debug|Any CPU
			{C1D2E3F4-A5B6-47C8-9D0E-1F2A3B4C5D6F}.Debug|x86.Build.0 = Debug|Any CPU
			{C1D2E3F4-A5B6-47C8-9D0E-1F2A3B4C5D6F}.Release|Any CPU.ActiveCfg = Release|Any CPU
			{C1D2E3F4-A5B6-47C8-9D0E-1F2A3B4C5D6F}.Release|Any CPU.Build.0 = Release|Any CPU
			{C1D2E3F4-A5B6-47C8-9D0E-1F2A3B4C5D6F}.Release|x64.ActiveCfg = Release|Any CPU
			{C1D2E3F4-A5B6-47C8-9D0E-1F2A3B4C5D6F}.Release|x64.Build.0 = Release|Any CPU
			{C1D2E3F4-A5B6-47C8-9D0E-1F2A3B4C5D6F}.Release|x86.ActiveCfg = Release|Any CPU
			{C1D2E3F4-A5B6-47C8-9D0E-1F2A3B4C5D6F}.Release|x86.Build.0 = Release|Any CPU
			{D2E3F4A5-B6C7-48D9-AE1F-2A3B4C5D6E70}.Debug|Any CPU.ActiveCfg = Debug|Any CPU
			{D2E3F4A5-B6C7-48D9-AE1F-2A3B4C5D6E70}.Debug|Any CPU.Build.0 = Debug|Any CPU
			{D2E3F4A5-B6C7-48D9-AE1F-2A3B4C5D6E70}.Debug|x64.ActiveCfg = Debug|Any CPU
			{D2E3F4A5-B6C7-48D9-AE1F-2A3B4C5D6E70}.Debug|x64.Build.0 = Debug|Any CPU
			{D2E3F4A5-B6C7-48D9-AE1F-2A3B4C5D6E70}.Debug|x86.ActiveCfg = Debug|Any CPU
			{D2E3F4A5-B6C7-48D9-AE1F-2A3B4C5D6E70}.Debug|x86.Build.0 = Debug|Any CPU
			{D2E3F4A5-B6C7-48D9-AE1F-2A3B4C5D6E70}.Release|Any CPU.ActiveCfg = Release|Any CPU
			{D2E3F4A5-B6C7-48D9-AE1F-2A3B4C5D6E70}.Release|Any CPU.Build.0 = Release|Any CPU
			{D2E3F4A5-B6C7-48D9-AE1F-2A3B4C5D6E70}.Release|x64.ActiveCfg = Release|Any CPU
			{D2E3F4A5-B6C7-48D9-AE1F-2A3B4C5D6E70}.Release|x64.Build.0 = Release|Any CPU
			{D2E3F4A5-B6C7-48D9-AE1F-2A3B4C5D6E70}.Release|x86.ActiveCfg = Release|Any CPU
			{D2E3F4A5-B6C7-48D9-AE1F-2A3B4C5D6E70}.Release|x86.Build.0 = Release|Any CPU
			{B8EC1C00-4F19-46E8-9A6E-128B805B9E1B}.Debug|Any CPU.ActiveCfg = Debug|Any CPU
			{B8EC1C00-4F19-46E8-9A6E-128B805B9E1B}.Debug|Any CPU.Build.0 = Debug|Any CPU
			{B8EC1C00-4F19-46E8-9A6E-128B805B9E1B}.Debug|x64.ActiveCfg = Debug|Any CPU
			{B8EC1C00-4F19-46E8-9A6E-128B805B9E1B}.Debug|x64.Build.0 = Debug|Any CPU
			{B8EC1C00-4F19-46E8-9A6E-128B805B9E1B}.Debug|x86.ActiveCfg = Debug|Any CPU
			{B8EC1C00-4F19-46E8-9A6E-128B805B9E1B}.Debug|x86.Build.0 = Debug|Any CPU
			{B8EC1C00-4F19-46E8-9A6E-128B805B9E1B}.Release|Any CPU.ActiveCfg = Release|Any CPU
			{B8EC1C00-4F19-46E8-9A6E-128B805B9E1B}.Release|Any CPU.Build.0 = Release|Any CPU
			{B8EC1C00-4F19-46E8-9A6E-128B805B9E1B}.Release|x64.ActiveCfg = Release|Any CPU
			{B8EC1C00-4F19-46E8-9A6E-128B805B9E1B}.Release|x64.Build.0 = Release|Any CPU
			{B8EC1C00-4F19-46E8-9A6E-128B805B9E1B}.Release|x86.ActiveCfg = Release|Any CPU
			{B8EC1C00-4F19-46E8-9A6E-128B805B9E1B}.Release|x86.Build.0 = Release|Any CPU
			{2267C45E-D6E9-4324-9229-B6F80A08C82B}.Debug|Any CPU.ActiveCfg = Debug|Any CPU
			{2267C45E-D6E9-4324-9229-B6F80A08C82B}.Debug|Any CPU.Build.0 = Debug|Any CPU
			{2267C45E-D6E9-4324-9229-B6F80A08C82B}.Debug|x64.ActiveCfg = Debug|Any CPU
			{2267C45E-D6E9-4324-9229-B6F80A08C82B}.Debug|x64.Build.0 = Debug|Any CPU
			{2267C45E-D6E9-4324-9229-B6F80A08C82B}.Debug|x86.ActiveCfg = Debug|Any CPU
			{2267C45E-D6E9-4324-9229-B6F80A08C82B}.Debug|x86.Build.0 = Debug|Any CPU
			{2267C45E-D6E9-4324-9229-B6F80A08C82B}.Release|Any CPU.ActiveCfg = Release|Any CPU
			{2267C45E-D6E9-4324-9229-B6F80A08C82B}.Release|Any CPU.Build.0 = Release|Any CPU
			{2267C45E-D6E9-4324-9229-B6F80A08C82B}.Release|x64.ActiveCfg = Release|Any CPU
			{2267C45E-D6E9-4324-9229-B6F80A08C82B}.Release|x64.Build.0 = Release|Any CPU
			{2267C45E-D6E9-4324-9229-B6F80A08C82B}.Release|x86.ActiveCfg = Release|Any CPU
			{2267C45E-D6E9-4324-9229-B6F80A08C82B}.Release|x86.Build.0 = Release|Any CPU
	EndGlobalSection
	GlobalSection(SolutionProperties) = preSolution
		HideSolutionNode = FALSE
	EndGlobalSection
	GlobalSection(NestedProjects) = preSolution
		{10DC5B1B-1F17-4EF0-9844-985913C7DFB5} = {827E0CD3-B72D-47B6-A68D-7590B98EB39B}
		{D9A0BE85-F120-4E9B-94D5-18A7C60CB690} = {0AB3BF05-4346-4AA6-1389-037BE0695223}
		{92957C74-72F3-4A90-BD5F-490EA661A849} = {02EA681E-C7D8-13C7-8484-4AC65E1B71E8}
		{0B7A057E-E328-4FE7-89EA-1F1A9F1D1289} = {02EA681E-C7D8-13C7-8484-4AC65E1B71E8}
		{2C110764-6BAF-49E9-9382-EA13CE887501} = {02EA681E-C7D8-13C7-8484-4AC65E1B71E8}
		{157910A2-54C1-45B1-81E4-9C611451AD1F} = {92957C74-72F3-4A90-BD5F-490EA661A849}
		{88D6DF59-9BBA-4C59-8D4D-5DC08E07BC19} = {92957C74-72F3-4A90-BD5F-490EA661A849}
		{8912842E-A128-4455-8F27-D931D4B30D54} = {2C110764-6BAF-49E9-9382-EA13CE887501}
		{43CB20A4-5FDF-44A5-988D-95A55F01082B} = {0B7A057E-E328-4FE7-89EA-1F1A9F1D1289}
		{9E2C678D-A2A3-49C1-9715-B7421163D3DA} = {0B7A057E-E328-4FE7-89EA-1F1A9F1D1289}
		{EBA8165F-1C2B-4173-ADEA-1826E947E41F} = {827E0CD3-B72D-47B6-A68D-7590B98EB39B}
		{3F634FD7-6B04-4CDD-9B86-4CFC2F3BFB36} = {0AB3BF05-4346-4AA6-1389-037BE0695223}
		{7EDCB0FE-12D9-48F5-AEDF-33B6B56E0362} = {827E0CD3-B72D-47B6-A68D-7590B98EB39B}
		{F07BEE18-694D-43ED-8E1A-9BE26B48802E} = {0AB3BF05-4346-4AA6-1389-037BE0695223}
		{897EDAB0-1A89-43D1-83BE-85977C788272} = {827E0CD3-B72D-47B6-A68D-7590B98EB39B}
		{349E2450-E6FE-45B0-98C1-CE66E16ECFB1} = {0AB3BF05-4346-4AA6-1389-037BE0695223}
		{7C3B9E4A-2D18-4F6B-A9E1-5B8C2F0D4A7E} = {B8A1F3D2-4C5E-4A6B-9D7E-1F2A3B4C5D6E}
		{5E8D3C1F-9A47-4B62-8E1D-2F6A0B4C7D95} = {02EA681E-C7D8-13C7-8484-4AC65E1B71E8}
		{E59DE943-0AEE-4CCC-BC30-B5EB47559DB6} = {E899D024-8C6E-4FC5-99F3-0AC925CA6BEA}
			{C1D2E3F4-A5B6-47C8-9D0E-1F2A3B4C5D6F} = {827E0CD3-B72D-47B6-A68D-7590B98EB39B}
			{D2E3F4A5-B6C7-48D9-AE1F-2A3B4C5D6E70} = {0AB3BF05-4346-4AA6-1389-037BE0695223}
		{B8EC1C00-4F19-46E8-9A6E-128B805B9E1B} = {827E0CD3-B72D-47B6-A68D-7590B98EB39B}
		{2267C45E-D6E9-4324-9229-B6F80A08C82B} = {0AB3BF05-4346-4AA6-1389-037BE0695223}
	EndGlobalSection
	GlobalSection(ExtensibilityGlobals) = postSolution
		SolutionGuid = {4957CA83-0A70-4957-9B46-950BA1F33B3E}
	EndGlobalSection
EndGlobal
